// !$*UTF8*$!
{
	archiveVersion = 1;
	classes = {
	};
	objectVersion = 55;
	objects = {

/* Begin PBXBuildFile section */
		4C250395286D19A90053575D /* TabBarViewController.swift in Sources */ = {isa = PBXBuildFile; fileRef = 4C250394286D19A90053575D /* TabBarViewController.swift */; };
		4C298538286BB25600800D0C /* GoogleService-Info.plist in Resources */ = {isa = PBXBuildFile; fileRef = 4C298537286BB25600800D0C /* GoogleService-Info.plist */; };
		4C4134B1286E6E74006CB0A5 /* NoticeTableViewCell.swift in Sources */ = {isa = PBXBuildFile; fileRef = 4C4134AF286E6E74006CB0A5 /* NoticeTableViewCell.swift */; };
		4C4134B2286E6E74006CB0A5 /* NoticeTableViewCell.xib in Resources */ = {isa = PBXBuildFile; fileRef = 4C4134B0286E6E74006CB0A5 /* NoticeTableViewCell.xib */; };
		4C429992286BC4BD001C3010 /* LoginViewController.swift in Sources */ = {isa = PBXBuildFile; fileRef = 4C429991286BC4BD001C3010 /* LoginViewController.swift */; };
		4C429994286BC530001C3010 /* MainViewController.swift in Sources */ = {isa = PBXBuildFile; fileRef = 4C429993286BC530001C3010 /* MainViewController.swift */; };
		4C429996286BC5D3001C3010 /* MapViewController.swift in Sources */ = {isa = PBXBuildFile; fileRef = 4C429995286BC5D3001C3010 /* MapViewController.swift */; };
		4C429998286BC5DE001C3010 /* ProfileViewController.swift in Sources */ = {isa = PBXBuildFile; fileRef = 4C429997286BC5DE001C3010 /* ProfileViewController.swift */; };
		4C62D474286A7A2300B6F764 /* AppDelegate.swift in Sources */ = {isa = PBXBuildFile; fileRef = 4C62D473286A7A2300B6F764 /* AppDelegate.swift */; };
		4C62D476286A7A2300B6F764 /* SceneDelegate.swift in Sources */ = {isa = PBXBuildFile; fileRef = 4C62D475286A7A2300B6F764 /* SceneDelegate.swift */; };
		4C62D478286A7A2300B6F764 /* ViewController.swift in Sources */ = {isa = PBXBuildFile; fileRef = 4C62D477286A7A2300B6F764 /* ViewController.swift */; };
		4C62D47B286A7A2300B6F764 /* Main.storyboard in Resources */ = {isa = PBXBuildFile; fileRef = 4C62D479286A7A2300B6F764 /* Main.storyboard */; };
		4C62D47D286A7A2400B6F764 /* Assets.xcassets in Resources */ = {isa = PBXBuildFile; fileRef = 4C62D47C286A7A2400B6F764 /* Assets.xcassets */; };
		4C62D480286A7A2400B6F764 /* LaunchScreen.storyboard in Resources */ = {isa = PBXBuildFile; fileRef = 4C62D47E286A7A2400B6F764 /* LaunchScreen.storyboard */; };
		4CA2BE122878FFF8004423D1 /* MapKit.framework in Frameworks */ = {isa = PBXBuildFile; fileRef = 4CA2BE112878FFF8004423D1 /* MapKit.framework */; };
		4CAFB29E28799DD3001B412C /* FootprintsAnnotation.swift in Sources */ = {isa = PBXBuildFile; fileRef = 4CAFB29D28799DD3001B412C /* FootprintsAnnotation.swift */; };
		4CAFBB3228882A2A00D33351 /* PostInfo.swift in Sources */ = {isa = PBXBuildFile; fileRef = 4CAFBB3128882A2A00D33351 /* PostInfo.swift */; };
		4CB38DB52893CC4600D96084 /* PostListViewController.swift in Sources */ = {isa = PBXBuildFile; fileRef = 4CB38DB42893CC4600D96084 /* PostListViewController.swift */; };
		4CB38DB72893CC6F00D96084 /* PostDetailViewController.swift in Sources */ = {isa = PBXBuildFile; fileRef = 4CB38DB62893CC6F00D96084 /* PostDetailViewController.swift */; };
		4CE7E57B2888DF4E002BD955 /* DefaultTableViewCell.swift in Sources */ = {isa = PBXBuildFile; fileRef = 4CE7E5792888DF4E002BD955 /* DefaultTableViewCell.swift */; };
		4CE7E57C2888DF4E002BD955 /* DefaultTableViewCell.xib in Resources */ = {isa = PBXBuildFile; fileRef = 4CE7E57A2888DF4E002BD955 /* DefaultTableViewCell.xib */; };
		4CF24674287985B300E233FC /* NetworkCheck.swift in Sources */ = {isa = PBXBuildFile; fileRef = 4CF24673287985B300E233FC /* NetworkCheck.swift */; };
		4CF24676287992E500E233FC /* LocationInfo.swift in Sources */ = {isa = PBXBuildFile; fileRef = 4CF24675287992E500E233FC /* LocationInfo.swift */; };
		80020E7726837EDBCD9D12CE /* Pods_Fravel.framework in Frameworks */ = {isa = PBXBuildFile; fileRef = B606DEAF997E8BF537780769 /* Pods_Fravel.framework */; };
/* End PBXBuildFile section */

/* Begin PBXFileReference section */
		4C0009E3286BCFB600074A2E /* Roboto-Regular.ttf */ = {isa = PBXFileReference; lastKnownFileType = file; name = "Roboto-Regular.ttf"; path = "../../../../Downloads/Roboto/Roboto-Regular.ttf"; sourceTree = "<group>"; };
		4C0009E4286BCFB600074A2E /* Roboto-MediumItalic.ttf */ = {isa = PBXFileReference; lastKnownFileType = file; name = "Roboto-MediumItalic.ttf"; path = "../../../../Downloads/Roboto/Roboto-MediumItalic.ttf"; sourceTree = "<group>"; };
		4C0009E5286BCFB600074A2E /* Roboto-Thin.ttf */ = {isa = PBXFileReference; lastKnownFileType = file; name = "Roboto-Thin.ttf"; path = "../../../../Downloads/Roboto/Roboto-Thin.ttf"; sourceTree = "<group>"; };
		4C0009E6286BCFB600074A2E /* Roboto-Medium.ttf */ = {isa = PBXFileReference; lastKnownFileType = file; name = "Roboto-Medium.ttf"; path = "../../../../Downloads/Roboto/Roboto-Medium.ttf"; sourceTree = "<group>"; };
		4C0009E7286BCFB600074A2E /* Roboto-Bold.ttf */ = {isa = PBXFileReference; lastKnownFileType = file; name = "Roboto-Bold.ttf"; path = "../../../../Downloads/Roboto/Roboto-Bold.ttf"; sourceTree = "<group>"; };
		4C0009E8286BCFB600074A2E /* Roboto-Black.ttf */ = {isa = PBXFileReference; lastKnownFileType = file; name = "Roboto-Black.ttf"; path = "../../../../Downloads/Roboto/Roboto-Black.ttf"; sourceTree = "<group>"; };
		4C0009E9286BCFB600074A2E /* Roboto-Light.ttf */ = {isa = PBXFileReference; lastKnownFileType = file; name = "Roboto-Light.ttf"; path = "../../../../Downloads/Roboto/Roboto-Light.ttf"; sourceTree = "<group>"; };
		4C0009EA286BCFB600074A2E /* Roboto-BlackItalic.ttf */ = {isa = PBXFileReference; lastKnownFileType = file; name = "Roboto-BlackItalic.ttf"; path = "../../../../Downloads/Roboto/Roboto-BlackItalic.ttf"; sourceTree = "<group>"; };
		4C0009EB286BCFB600074A2E /* Roboto-BoldItalic.ttf */ = {isa = PBXFileReference; lastKnownFileType = file; name = "Roboto-BoldItalic.ttf"; path = "../../../../Downloads/Roboto/Roboto-BoldItalic.ttf"; sourceTree = "<group>"; };
		4C0009EC286BCFB600074A2E /* Roboto-ThinItalic.ttf */ = {isa = PBXFileReference; lastKnownFileType = file; name = "Roboto-ThinItalic.ttf"; path = "../../../../Downloads/Roboto/Roboto-ThinItalic.ttf"; sourceTree = "<group>"; };
		4C0009ED286BCFB600074A2E /* Roboto-Italic.ttf */ = {isa = PBXFileReference; lastKnownFileType = file; name = "Roboto-Italic.ttf"; path = "../../../../Downloads/Roboto/Roboto-Italic.ttf"; sourceTree = "<group>"; };
		4C0009EE286BCFB600074A2E /* Roboto-LightItalic.ttf */ = {isa = PBXFileReference; lastKnownFileType = file; name = "Roboto-LightItalic.ttf"; path = "../../../../Downloads/Roboto/Roboto-LightItalic.ttf"; sourceTree = "<group>"; };
		4C250394286D19A90053575D /* TabBarViewController.swift */ = {isa = PBXFileReference; lastKnownFileType = sourcecode.swift; path = TabBarViewController.swift; sourceTree = "<group>"; };
		4C298537286BB25600800D0C /* GoogleService-Info.plist */ = {isa = PBXFileReference; lastKnownFileType = text.plist; path = "GoogleService-Info.plist"; sourceTree = SOURCE_ROOT; };
		4C4134AF286E6E74006CB0A5 /* NoticeTableViewCell.swift */ = {isa = PBXFileReference; lastKnownFileType = sourcecode.swift; path = NoticeTableViewCell.swift; sourceTree = "<group>"; };
		4C4134B0286E6E74006CB0A5 /* NoticeTableViewCell.xib */ = {isa = PBXFileReference; lastKnownFileType = file.xib; path = NoticeTableViewCell.xib; sourceTree = "<group>"; };
		4C429991286BC4BD001C3010 /* LoginViewController.swift */ = {isa = PBXFileReference; lastKnownFileType = sourcecode.swift; path = LoginViewController.swift; sourceTree = "<group>"; };
		4C429993286BC530001C3010 /* MainViewController.swift */ = {isa = PBXFileReference; lastKnownFileType = sourcecode.swift; path = MainViewController.swift; sourceTree = "<group>"; };
		4C429995286BC5D3001C3010 /* MapViewController.swift */ = {isa = PBXFileReference; lastKnownFileType = sourcecode.swift; path = MapViewController.swift; sourceTree = "<group>"; };
		4C429997286BC5DE001C3010 /* ProfileViewController.swift */ = {isa = PBXFileReference; lastKnownFileType = sourcecode.swift; path = ProfileViewController.swift; sourceTree = "<group>"; };
		4C62D470286A7A2300B6F764 /* Fravel.app */ = {isa = PBXFileReference; explicitFileType = wrapper.application; includeInIndex = 0; path = Fravel.app; sourceTree = BUILT_PRODUCTS_DIR; };
		4C62D473286A7A2300B6F764 /* AppDelegate.swift */ = {isa = PBXFileReference; lastKnownFileType = sourcecode.swift; path = AppDelegate.swift; sourceTree = "<group>"; };
		4C62D475286A7A2300B6F764 /* SceneDelegate.swift */ = {isa = PBXFileReference; lastKnownFileType = sourcecode.swift; path = SceneDelegate.swift; sourceTree = "<group>"; };
		4C62D477286A7A2300B6F764 /* ViewController.swift */ = {isa = PBXFileReference; lastKnownFileType = sourcecode.swift; path = ViewController.swift; sourceTree = "<group>"; };
		4C62D47A286A7A2300B6F764 /* Base */ = {isa = PBXFileReference; lastKnownFileType = file.storyboard; name = Base; path = Base.lproj/Main.storyboard; sourceTree = "<group>"; };
		4C62D47C286A7A2400B6F764 /* Assets.xcassets */ = {isa = PBXFileReference; lastKnownFileType = folder.assetcatalog; path = Assets.xcassets; sourceTree = "<group>"; };
		4C62D47F286A7A2400B6F764 /* Base */ = {isa = PBXFileReference; lastKnownFileType = file.storyboard; name = Base; path = Base.lproj/LaunchScreen.storyboard; sourceTree = "<group>"; };
		4C62D481286A7A2400B6F764 /* Info.plist */ = {isa = PBXFileReference; lastKnownFileType = text.plist.xml; path = Info.plist; sourceTree = "<group>"; };
		4CA2BE112878FFF8004423D1 /* MapKit.framework */ = {isa = PBXFileReference; lastKnownFileType = wrapper.framework; name = MapKit.framework; path = System/Library/Frameworks/MapKit.framework; sourceTree = SDKROOT; };
		4CAFB29D28799DD3001B412C /* FootprintsAnnotation.swift */ = {isa = PBXFileReference; fileEncoding = 4; lastKnownFileType = sourcecode.swift; path = FootprintsAnnotation.swift; sourceTree = "<group>"; };
		4CAFBB3128882A2A00D33351 /* PostInfo.swift */ = {isa = PBXFileReference; lastKnownFileType = sourcecode.swift; path = PostInfo.swift; sourceTree = "<group>"; };
		4CB38DB42893CC4600D96084 /* PostListViewController.swift */ = {isa = PBXFileReference; lastKnownFileType = sourcecode.swift; path = PostListViewController.swift; sourceTree = "<group>"; };
		4CB38DB62893CC6F00D96084 /* PostDetailViewController.swift */ = {isa = PBXFileReference; lastKnownFileType = sourcecode.swift; path = PostDetailViewController.swift; sourceTree = "<group>"; };
		4CE7E5792888DF4E002BD955 /* DefaultTableViewCell.swift */ = {isa = PBXFileReference; lastKnownFileType = sourcecode.swift; path = DefaultTableViewCell.swift; sourceTree = "<group>"; };
		4CE7E57A2888DF4E002BD955 /* DefaultTableViewCell.xib */ = {isa = PBXFileReference; lastKnownFileType = file.xib; path = DefaultTableViewCell.xib; sourceTree = "<group>"; };
		4CF24673287985B300E233FC /* NetworkCheck.swift */ = {isa = PBXFileReference; lastKnownFileType = sourcecode.swift; path = NetworkCheck.swift; sourceTree = "<group>"; };
		4CF24675287992E500E233FC /* LocationInfo.swift */ = {isa = PBXFileReference; lastKnownFileType = sourcecode.swift; path = LocationInfo.swift; sourceTree = "<group>"; };
		4CFCAB6E286BB6F800D2D777 /* Fravel.entitlements */ = {isa = PBXFileReference; lastKnownFileType = text.plist.entitlements; path = Fravel.entitlements; sourceTree = "<group>"; };
		53E61ACCDE3D239F78D7BDF6 /* Pods-Fravel.debug.xcconfig */ = {isa = PBXFileReference; includeInIndex = 1; lastKnownFileType = text.xcconfig; name = "Pods-Fravel.debug.xcconfig"; path = "Target Support Files/Pods-Fravel/Pods-Fravel.debug.xcconfig"; sourceTree = "<group>"; };
		75877A05958CBB67961A28FF /* Pods-Fravel.release.xcconfig */ = {isa = PBXFileReference; includeInIndex = 1; lastKnownFileType = text.xcconfig; name = "Pods-Fravel.release.xcconfig"; path = "Target Support Files/Pods-Fravel/Pods-Fravel.release.xcconfig"; sourceTree = "<group>"; };
		B606DEAF997E8BF537780769 /* Pods_Fravel.framework */ = {isa = PBXFileReference; explicitFileType = wrapper.framework; includeInIndex = 0; path = Pods_Fravel.framework; sourceTree = BUILT_PRODUCTS_DIR; };
/* End PBXFileReference section */

/* Begin PBXFrameworksBuildPhase section */
		4C62D46D286A7A2300B6F764 /* Frameworks */ = {
			isa = PBXFrameworksBuildPhase;
			buildActionMask = 2147483647;
			files = (
				4CA2BE122878FFF8004423D1 /* MapKit.framework in Frameworks */,
				80020E7726837EDBCD9D12CE /* Pods_Fravel.framework in Frameworks */,
			);
			runOnlyForDeploymentPostprocessing = 0;
		};
/* End PBXFrameworksBuildPhase section */

/* Begin PBXGroup section */
		17E5AD161EAC4659A5317E9D /* Frameworks */ = {
			isa = PBXGroup;
			children = (
				4CA2BE112878FFF8004423D1 /* MapKit.framework */,
				B606DEAF997E8BF537780769 /* Pods_Fravel.framework */,
			);
			name = Frameworks;
			sourceTree = "<group>";
		};
		4C0009E2286BCF9E00074A2E /* Font */ = {
			isa = PBXGroup;
			children = (
				4C0009E8286BCFB600074A2E /* Roboto-Black.ttf */,
				4C0009EA286BCFB600074A2E /* Roboto-BlackItalic.ttf */,
				4C0009E7286BCFB600074A2E /* Roboto-Bold.ttf */,
				4C0009EB286BCFB600074A2E /* Roboto-BoldItalic.ttf */,
				4C0009ED286BCFB600074A2E /* Roboto-Italic.ttf */,
				4C0009E9286BCFB600074A2E /* Roboto-Light.ttf */,
				4C0009EE286BCFB600074A2E /* Roboto-LightItalic.ttf */,
				4C0009E6286BCFB600074A2E /* Roboto-Medium.ttf */,
				4C0009E4286BCFB600074A2E /* Roboto-MediumItalic.ttf */,
				4C0009E3286BCFB600074A2E /* Roboto-Regular.ttf */,
				4C0009E5286BCFB600074A2E /* Roboto-Thin.ttf */,
				4C0009EC286BCFB600074A2E /* Roboto-ThinItalic.ttf */,
			);
			path = Font;
			sourceTree = "<group>";
		};
		4C62D467286A7A2300B6F764 = {
			isa = PBXGroup;
			children = (
				4C62D472286A7A2300B6F764 /* Fravel */,
				4C62D471286A7A2300B6F764 /* Products */,
				EB44A9C76BC218637F57F353 /* Pods */,
				17E5AD161EAC4659A5317E9D /* Frameworks */,
			);
			sourceTree = "<group>";
		};
		4C62D471286A7A2300B6F764 /* Products */ = {
			isa = PBXGroup;
			children = (
				4C62D470286A7A2300B6F764 /* Fravel.app */,
			);
			name = Products;
			sourceTree = "<group>";
		};
		4C62D472286A7A2300B6F764 /* Fravel */ = {
			isa = PBXGroup;
			children = (
				4C0009E2286BCF9E00074A2E /* Font */,
				4CFCAB6E286BB6F800D2D777 /* Fravel.entitlements */,
				4C62D473286A7A2300B6F764 /* AppDelegate.swift */,
				4C62D475286A7A2300B6F764 /* SceneDelegate.swift */,
				4C62D477286A7A2300B6F764 /* ViewController.swift */,
				4C62D479286A7A2300B6F764 /* Main.storyboard */,
				4C62D47C286A7A2400B6F764 /* Assets.xcassets */,
				4C62D47E286A7A2400B6F764 /* LaunchScreen.storyboard */,
				4C62D481286A7A2400B6F764 /* Info.plist */,
				4C298537286BB25600800D0C /* GoogleService-Info.plist */,
				4C429991286BC4BD001C3010 /* LoginViewController.swift */,
				4C429993286BC530001C3010 /* MainViewController.swift */,
				4C429995286BC5D3001C3010 /* MapViewController.swift */,
				4C429997286BC5DE001C3010 /* ProfileViewController.swift */,
				4C250394286D19A90053575D /* TabBarViewController.swift */,
				4C4134AF286E6E74006CB0A5 /* NoticeTableViewCell.swift */,
				4C4134B0286E6E74006CB0A5 /* NoticeTableViewCell.xib */,
				4CF24673287985B300E233FC /* NetworkCheck.swift */,
				4CF24675287992E500E233FC /* LocationInfo.swift */,
				4CAFB29D28799DD3001B412C /* FootprintsAnnotation.swift */,
				4CAFBB3128882A2A00D33351 /* PostInfo.swift */,
				4CE7E5792888DF4E002BD955 /* DefaultTableViewCell.swift */,
				4CE7E57A2888DF4E002BD955 /* DefaultTableViewCell.xib */,
				4CB38DB42893CC4600D96084 /* PostListViewController.swift */,
				4CB38DB62893CC6F00D96084 /* PostDetailViewController.swift */,
			);
			path = Fravel;
			sourceTree = "<group>";
		};
		EB44A9C76BC218637F57F353 /* Pods */ = {
			isa = PBXGroup;
			children = (
				53E61ACCDE3D239F78D7BDF6 /* Pods-Fravel.debug.xcconfig */,
				75877A05958CBB67961A28FF /* Pods-Fravel.release.xcconfig */,
			);
			path = Pods;
			sourceTree = "<group>";
		};
/* End PBXGroup section */

/* Begin PBXNativeTarget section */
		4C62D46F286A7A2300B6F764 /* Fravel */ = {
			isa = PBXNativeTarget;
			buildConfigurationList = 4C62D484286A7A2400B6F764 /* Build configuration list for PBXNativeTarget "Fravel" */;
			buildPhases = (
				FFE1AFA2FDD30CD6E646A598 /* [CP] Check Pods Manifest.lock */,
				4C62D46C286A7A2300B6F764 /* Sources */,
				4C62D46D286A7A2300B6F764 /* Frameworks */,
				4C62D46E286A7A2300B6F764 /* Resources */,
				B139EF99B86E5B02B6297B9D /* [CP] Embed Pods Frameworks */,
			);
			buildRules = (
			);
			dependencies = (
			);
			name = Fravel;
			productName = Fravel;
			productReference = 4C62D470286A7A2300B6F764 /* Fravel.app */;
			productType = "com.apple.product-type.application";
		};
/* End PBXNativeTarget section */

/* Begin PBXProject section */
		4C62D468286A7A2300B6F764 /* Project object */ = {
			isa = PBXProject;
			attributes = {
				BuildIndependentTargetsInParallel = 1;
				LastSwiftUpdateCheck = 1340;
				LastUpgradeCheck = 1340;
				TargetAttributes = {
					4C62D46F286A7A2300B6F764 = {
						CreatedOnToolsVersion = 13.4.1;
					};
				};
			};
			buildConfigurationList = 4C62D46B286A7A2300B6F764 /* Build configuration list for PBXProject "Fravel" */;
			compatibilityVersion = "Xcode 13.0";
			developmentRegion = en;
			hasScannedForEncodings = 0;
			knownRegions = (
				en,
				Base,
			);
			mainGroup = 4C62D467286A7A2300B6F764;
			productRefGroup = 4C62D471286A7A2300B6F764 /* Products */;
			projectDirPath = "";
			projectRoot = "";
			targets = (
				4C62D46F286A7A2300B6F764 /* Fravel */,
			);
		};
/* End PBXProject section */

/* Begin PBXResourcesBuildPhase section */
		4C62D46E286A7A2300B6F764 /* Resources */ = {
			isa = PBXResourcesBuildPhase;
			buildActionMask = 2147483647;
			files = (
				4C62D480286A7A2400B6F764 /* LaunchScreen.storyboard in Resources */,
				4C298538286BB25600800D0C /* GoogleService-Info.plist in Resources */,
				4C4134B2286E6E74006CB0A5 /* NoticeTableViewCell.xib in Resources */,
				4CE7E57C2888DF4E002BD955 /* DefaultTableViewCell.xib in Resources */,
				4C62D47D286A7A2400B6F764 /* Assets.xcassets in Resources */,
				4C62D47B286A7A2300B6F764 /* Main.storyboard in Resources */,
			);
			runOnlyForDeploymentPostprocessing = 0;
		};
/* End PBXResourcesBuildPhase section */

/* Begin PBXShellScriptBuildPhase section */
		B139EF99B86E5B02B6297B9D /* [CP] Embed Pods Frameworks */ = {
			isa = PBXShellScriptBuildPhase;
			buildActionMask = 2147483647;
			files = (
			);
			inputFileListPaths = (
				"${PODS_ROOT}/Target Support Files/Pods-Fravel/Pods-Fravel-frameworks-${CONFIGURATION}-input-files.xcfilelist",
			);
			name = "[CP] Embed Pods Frameworks";
			outputFileListPaths = (
				"${PODS_ROOT}/Target Support Files/Pods-Fravel/Pods-Fravel-frameworks-${CONFIGURATION}-output-files.xcfilelist",
			);
			runOnlyForDeploymentPostprocessing = 0;
			shellPath = /bin/sh;
			shellScript = "\"${PODS_ROOT}/Target Support Files/Pods-Fravel/Pods-Fravel-frameworks.sh\"\n";
			showEnvVarsInLog = 0;
		};
		FFE1AFA2FDD30CD6E646A598 /* [CP] Check Pods Manifest.lock */ = {
			isa = PBXShellScriptBuildPhase;
			buildActionMask = 2147483647;
			files = (
			);
			inputFileListPaths = (
			);
			inputPaths = (
				"${PODS_PODFILE_DIR_PATH}/Podfile.lock",
				"${PODS_ROOT}/Manifest.lock",
			);
			name = "[CP] Check Pods Manifest.lock";
			outputFileListPaths = (
			);
			outputPaths = (
				"$(DERIVED_FILE_DIR)/Pods-Fravel-checkManifestLockResult.txt",
			);
			runOnlyForDeploymentPostprocessing = 0;
			shellPath = /bin/sh;
			shellScript = "diff \"${PODS_PODFILE_DIR_PATH}/Podfile.lock\" \"${PODS_ROOT}/Manifest.lock\" > /dev/null\nif [ $? != 0 ] ; then\n    # print error to STDERR\n    echo \"error: The sandbox is not in sync with the Podfile.lock. Run 'pod install' or update your CocoaPods installation.\" >&2\n    exit 1\nfi\n# This output is used by Xcode 'outputs' to avoid re-running this script phase.\necho \"SUCCESS\" > \"${SCRIPT_OUTPUT_FILE_0}\"\n";
			showEnvVarsInLog = 0;
		};
/* End PBXShellScriptBuildPhase section */

/* Begin PBXSourcesBuildPhase section */
		4C62D46C286A7A2300B6F764 /* Sources */ = {
			isa = PBXSourcesBuildPhase;
			buildActionMask = 2147483647;
			files = (
				4CF24676287992E500E233FC /* LocationInfo.swift in Sources */,
				4CB38DB72893CC6F00D96084 /* PostDetailViewController.swift in Sources */,
				4CB38DB52893CC4600D96084 /* PostListViewController.swift in Sources */,
				4C250395286D19A90053575D /* TabBarViewController.swift in Sources */,
				4CF24674287985B300E233FC /* NetworkCheck.swift in Sources */,
				4C429992286BC4BD001C3010 /* LoginViewController.swift in Sources */,
				4CAFB29E28799DD3001B412C /* FootprintsAnnotation.swift in Sources */,
				4C4134B1286E6E74006CB0A5 /* NoticeTableViewCell.swift in Sources */,
				4C429996286BC5D3001C3010 /* MapViewController.swift in Sources */,
				4C62D478286A7A2300B6F764 /* ViewController.swift in Sources */,
				4C62D474286A7A2300B6F764 /* AppDelegate.swift in Sources */,
				4C429998286BC5DE001C3010 /* ProfileViewController.swift in Sources */,
				4C62D476286A7A2300B6F764 /* SceneDelegate.swift in Sources */,
				4C429994286BC530001C3010 /* MainViewController.swift in Sources */,
				4CAFBB3228882A2A00D33351 /* PostInfo.swift in Sources */,
				4CE7E57B2888DF4E002BD955 /* DefaultTableViewCell.swift in Sources */,
			);
			runOnlyForDeploymentPostprocessing = 0;
		};
/* End PBXSourcesBuildPhase section */

/* Begin PBXVariantGroup section */
		4C62D479286A7A2300B6F764 /* Main.storyboard */ = {
			isa = PBXVariantGroup;
			children = (
				4C62D47A286A7A2300B6F764 /* Base */,
			);
			name = Main.storyboard;
			sourceTree = "<group>";
		};
		4C62D47E286A7A2400B6F764 /* LaunchScreen.storyboard */ = {
			isa = PBXVariantGroup;
			children = (
				4C62D47F286A7A2400B6F764 /* Base */,
			);
			name = LaunchScreen.storyboard;
			sourceTree = "<group>";
		};
/* End PBXVariantGroup section */

/* Begin XCBuildConfiguration section */
		4C62D482286A7A2400B6F764 /* Debug */ = {
			isa = XCBuildConfiguration;
			buildSettings = {
				ALWAYS_SEARCH_USER_PATHS = NO;
				CLANG_ANALYZER_NONNULL = YES;
				CLANG_ANALYZER_NUMBER_OBJECT_CONVERSION = YES_AGGRESSIVE;
				CLANG_CXX_LANGUAGE_STANDARD = "gnu++17";
				CLANG_ENABLE_MODULES = YES;
				CLANG_ENABLE_OBJC_ARC = YES;
				CLANG_ENABLE_OBJC_WEAK = YES;
				CLANG_WARN_BLOCK_CAPTURE_AUTORELEASING = YES;
				CLANG_WARN_BOOL_CONVERSION = YES;
				CLANG_WARN_COMMA = YES;
				CLANG_WARN_CONSTANT_CONVERSION = YES;
				CLANG_WARN_DEPRECATED_OBJC_IMPLEMENTATIONS = YES;
				CLANG_WARN_DIRECT_OBJC_ISA_USAGE = YES_ERROR;
				CLANG_WARN_DOCUMENTATION_COMMENTS = YES;
				CLANG_WARN_EMPTY_BODY = YES;
				CLANG_WARN_ENUM_CONVERSION = YES;
				CLANG_WARN_INFINITE_RECURSION = YES;
				CLANG_WARN_INT_CONVERSION = YES;
				CLANG_WARN_NON_LITERAL_NULL_CONVERSION = YES;
				CLANG_WARN_OBJC_IMPLICIT_RETAIN_SELF = YES;
				CLANG_WARN_OBJC_LITERAL_CONVERSION = YES;
				CLANG_WARN_OBJC_ROOT_CLASS = YES_ERROR;
				CLANG_WARN_QUOTED_INCLUDE_IN_FRAMEWORK_HEADER = YES;
				CLANG_WARN_RANGE_LOOP_ANALYSIS = YES;
				CLANG_WARN_STRICT_PROTOTYPES = YES;
				CLANG_WARN_SUSPICIOUS_MOVE = YES;
				CLANG_WARN_UNGUARDED_AVAILABILITY = YES_AGGRESSIVE;
				CLANG_WARN_UNREACHABLE_CODE = YES;
				CLANG_WARN__DUPLICATE_METHOD_MATCH = YES;
				COPY_PHASE_STRIP = NO;
				DEBUG_INFORMATION_FORMAT = dwarf;
				ENABLE_STRICT_OBJC_MSGSEND = YES;
				ENABLE_TESTABILITY = YES;
				GCC_C_LANGUAGE_STANDARD = gnu11;
				GCC_DYNAMIC_NO_PIC = NO;
				GCC_NO_COMMON_BLOCKS = YES;
				GCC_OPTIMIZATION_LEVEL = 0;
				GCC_PREPROCESSOR_DEFINITIONS = (
					"DEBUG=1",
					"$(inherited)",
				);
				GCC_WARN_64_TO_32_BIT_CONVERSION = YES;
				GCC_WARN_ABOUT_RETURN_TYPE = YES_ERROR;
				GCC_WARN_UNDECLARED_SELECTOR = YES;
				GCC_WARN_UNINITIALIZED_AUTOS = YES_AGGRESSIVE;
				GCC_WARN_UNUSED_FUNCTION = YES;
				GCC_WARN_UNUSED_VARIABLE = YES;
				IPHONEOS_DEPLOYMENT_TARGET = 15.5;
				MTL_ENABLE_DEBUG_INFO = INCLUDE_SOURCE;
				MTL_FAST_MATH = YES;
				ONLY_ACTIVE_ARCH = YES;
				SDKROOT = iphoneos;
				SWIFT_ACTIVE_COMPILATION_CONDITIONS = DEBUG;
				SWIFT_OPTIMIZATION_LEVEL = "-Onone";
			};
			name = Debug;
		};
		4C62D483286A7A2400B6F764 /* Release */ = {
			isa = XCBuildConfiguration;
			buildSettings = {
				ALWAYS_SEARCH_USER_PATHS = NO;
				CLANG_ANALYZER_NONNULL = YES;
				CLANG_ANALYZER_NUMBER_OBJECT_CONVERSION = YES_AGGRESSIVE;
				CLANG_CXX_LANGUAGE_STANDARD = "gnu++17";
				CLANG_ENABLE_MODULES = YES;
				CLANG_ENABLE_OBJC_ARC = YES;
				CLANG_ENABLE_OBJC_WEAK = YES;
				CLANG_WARN_BLOCK_CAPTURE_AUTORELEASING = YES;
				CLANG_WARN_BOOL_CONVERSION = YES;
				CLANG_WARN_COMMA = YES;
				CLANG_WARN_CONSTANT_CONVERSION = YES;
				CLANG_WARN_DEPRECATED_OBJC_IMPLEMENTATIONS = YES;
				CLANG_WARN_DIRECT_OBJC_ISA_USAGE = YES_ERROR;
				CLANG_WARN_DOCUMENTATION_COMMENTS = YES;
				CLANG_WARN_EMPTY_BODY = YES;
				CLANG_WARN_ENUM_CONVERSION = YES;
				CLANG_WARN_INFINITE_RECURSION = YES;
				CLANG_WARN_INT_CONVERSION = YES;
				CLANG_WARN_NON_LITERAL_NULL_CONVERSION = YES;
				CLANG_WARN_OBJC_IMPLICIT_RETAIN_SELF = YES;
				CLANG_WARN_OBJC_LITERAL_CONVERSION = YES;
				CLANG_WARN_OBJC_ROOT_CLASS = YES_ERROR;
				CLANG_WARN_QUOTED_INCLUDE_IN_FRAMEWORK_HEADER = YES;
				CLANG_WARN_RANGE_LOOP_ANALYSIS = YES;
				CLANG_WARN_STRICT_PROTOTYPES = YES;
				CLANG_WARN_SUSPICIOUS_MOVE = YES;
				CLANG_WARN_UNGUARDED_AVAILABILITY = YES_AGGRESSIVE;
				CLANG_WARN_UNREACHABLE_CODE = YES;
				CLANG_WARN__DUPLICATE_METHOD_MATCH = YES;
				COPY_PHASE_STRIP = NO;
				DEBUG_INFORMATION_FORMAT = "dwarf-with-dsym";
				ENABLE_NS_ASSERTIONS = NO;
				ENABLE_STRICT_OBJC_MSGSEND = YES;
				GCC_C_LANGUAGE_STANDARD = gnu11;
				GCC_NO_COMMON_BLOCKS = YES;
				GCC_WARN_64_TO_32_BIT_CONVERSION = YES;
				GCC_WARN_ABOUT_RETURN_TYPE = YES_ERROR;
				GCC_WARN_UNDECLARED_SELECTOR = YES;
				GCC_WARN_UNINITIALIZED_AUTOS = YES_AGGRESSIVE;
				GCC_WARN_UNUSED_FUNCTION = YES;
				GCC_WARN_UNUSED_VARIABLE = YES;
				IPHONEOS_DEPLOYMENT_TARGET = 15.5;
				MTL_ENABLE_DEBUG_INFO = NO;
				MTL_FAST_MATH = YES;
				SDKROOT = iphoneos;
				SWIFT_COMPILATION_MODE = wholemodule;
				SWIFT_OPTIMIZATION_LEVEL = "-O";
				VALIDATE_PRODUCT = YES;
			};
			name = Release;
		};
		4C62D485286A7A2400B6F764 /* Debug */ = {
			isa = XCBuildConfiguration;
			baseConfigurationReference = 53E61ACCDE3D239F78D7BDF6 /* Pods-Fravel.debug.xcconfig */;
			buildSettings = {
				ASSETCATALOG_COMPILER_APPICON_NAME = AppIcon;
				ASSETCATALOG_COMPILER_GLOBAL_ACCENT_COLOR_NAME = AccentColor;
				CODE_SIGN_ENTITLEMENTS = Fravel/Fravel.entitlements;
				CODE_SIGN_STYLE = Automatic;
				CURRENT_PROJECT_VERSION = 1;
				DEVELOPMENT_TEAM = 37GVH438CS;
				GENERATE_INFOPLIST_FILE = YES;
				INFOPLIST_FILE = Fravel/Info.plist;
				INFOPLIST_KEY_NSLocationAlwaysAndWhenInUseUsageDescription = "사용자의 위치 정보를 받아오려 합니다.";
				INFOPLIST_KEY_NSLocationWhenInUseUsageDescription = "사용자의 위치 정보를 받아오려 합니다.";
				INFOPLIST_KEY_UIApplicationSupportsIndirectInputEvents = YES;
				INFOPLIST_KEY_UILaunchStoryboardName = LaunchScreen;
				INFOPLIST_KEY_UIMainStoryboardFile = Main;
				INFOPLIST_KEY_UISupportedInterfaceOrientations_iPad = "UIInterfaceOrientationPortrait UIInterfaceOrientationPortraitUpsideDown UIInterfaceOrientationLandscapeLeft UIInterfaceOrientationLandscapeRight";
				INFOPLIST_KEY_UISupportedInterfaceOrientations_iPhone = "UIInterfaceOrientationPortrait UIInterfaceOrientationLandscapeLeft UIInterfaceOrientationLandscapeRight";
				LD_RUNPATH_SEARCH_PATHS = (
					"$(inherited)",
					"@executable_path/Frameworks",
				);
				MARKETING_VERSION = 1.0;
				PRODUCT_BUNDLE_IDENTIFIER = kr.co.eslerkang.Fravel;
				PRODUCT_NAME = "$(TARGET_NAME)";
				SWIFT_EMIT_LOC_STRINGS = YES;
				SWIFT_VERSION = 5.0;
				TARGETED_DEVICE_FAMILY = 1;
			};
			name = Debug;
		};
		4C62D486286A7A2400B6F764 /* Release */ = {
			isa = XCBuildConfiguration;
			baseConfigurationReference = 75877A05958CBB67961A28FF /* Pods-Fravel.release.xcconfig */;
			buildSettings = {
				ASSETCATALOG_COMPILER_APPICON_NAME = AppIcon;
				ASSETCATALOG_COMPILER_GLOBAL_ACCENT_COLOR_NAME = AccentColor;
				CODE_SIGN_ENTITLEMENTS = Fravel/Fravel.entitlements;
				CODE_SIGN_STYLE = Automatic;
				CURRENT_PROJECT_VERSION = 1;
				DEVELOPMENT_TEAM = 37GVH438CS;
				GENERATE_INFOPLIST_FILE = YES;
				INFOPLIST_FILE = Fravel/Info.plist;
				INFOPLIST_KEY_NSLocationAlwaysAndWhenInUseUsageDescription = "사용자의 위치 정보를 받아오려 합니다.";
				INFOPLIST_KEY_NSLocationWhenInUseUsageDescription = "사용자의 위치 정보를 받아오려 합니다.";
				INFOPLIST_KEY_UIApplicationSupportsIndirectInputEvents = YES;
				INFOPLIST_KEY_UILaunchStoryboardName = LaunchScreen;
				INFOPLIST_KEY_UIMainStoryboardFile = Main;
				INFOPLIST_KEY_UISupportedInterfaceOrientations_iPad = "UIInterfaceOrientationPortrait UIInterfaceOrientationPortraitUpsideDown UIInterfaceOrientationLandscapeLeft UIInterfaceOrientationLandscapeRight";
				INFOPLIST_KEY_UISupportedInterfaceOrientations_iPhone = "UIInterfaceOrientationPortrait UIInterfaceOrientationLandscapeLeft UIInterfaceOrientationLandscapeRight";
				LD_RUNPATH_SEARCH_PATHS = (
					"$(inherited)",
					"@executable_path/Frameworks",
				);
				MARKETING_VERSION = 1.0;
				PRODUCT_BUNDLE_IDENTIFIER = kr.co.eslerkang.Fravel;
				PRODUCT_NAME = "$(TARGET_NAME)";
				SWIFT_EMIT_LOC_STRINGS = YES;
				SWIFT_VERSION = 5.0;
				TARGETED_DEVICE_FAMILY = 1;
			};
			name = Release;
		};
/* End XCBuildConfiguration section */

/* Begin XCConfigurationList section */
		4C62D46B286A7A2300B6F764 /* Build configuration list for PBXProject "Fravel" */ = {
			isa = XCConfigurationList;
			buildConfigurations = (
				4C62D482286A7A2400B6F764 /* Debug */,
				4C62D483286A7A2400B6F764 /* Release */,
			);
			defaultConfigurationIsVisible = 0;
			defaultConfigurationName = Release;
		};
		4C62D484286A7A2400B6F764 /* Build configuration list for PBXNativeTarget "Fravel" */ = {
			isa = XCConfigurationList;
			buildConfigurations = (
				4C62D485286A7A2400B6F764 /* Debug */,
				4C62D486286A7A2400B6F764 /* Release */,
			);
			defaultConfigurationIsVisible = 0;
			defaultConfigurationName = Release;
		};
/* End XCConfigurationList section */
	};
	rootObject = 4C62D468286A7A2300B6F764 /* Project object */;
}
